
Microsoft Visual Studio Solution File, Format Version 12.00
# Visual Studio Version 17
VisualStudioVersion = 17.3.32901.215
MinimumVisualStudioVersion = 10.0.40219.1
Project("{FAE04EC0-301F-11D3-BF4B-00C04F79EFBC}") = "light_ctl", "..\light_ctl\light_ctl.csproj", "{FE7B217E-6F57-4C36-B852-DC6F9D26FB7C}"
EndProject
Global
	GlobalSection(SolutionConfigurationPlatforms) = preSolution
		Debug|Any CPU = Debug|Any CPU
		Release|Any CPU = Release|Any CPU
	EndGlobalSection
	GlobalSection(ProjectConfigurationPlatforms) = postSolution
		{FE7B217E-6F57-4C36-B852-DC6F9D26FB7C}.Debug|Any CPU.ActiveCfg = Debug|Any CPU
		{FE7B217E-6F57-4C36-B852-DC6F9D26FB7C}.Debug|Any CPU.Build.0 = Debug|Any CPU
		{FE7B217E-6F57-4C36-B852-DC6F9D26FB7C}.Release|Any CPU.ActiveCfg = Release|Any CPU
		{FE7B217E-6F57-4C36-B852-DC6F9D26FB7C}.Release|Any CPU.Build.0 = Release|Any CPU
	EndGlobalSection
	GlobalSection(SolutionProperties) = preSolution
		HideSolutionNode = FALSE
	EndGlobalSection
	GlobalSection(ExtensibilityGlobals) = postSolution
		SolutionGuid = {FBB8559D-8686-4B0A-B589-56E294F2198E}
	EndGlobalSection
EndGlobal
